// !$*UTF8*$!
{
	archiveVersion = 1;
	classes = {
	};
	objectVersion = 46;
	objects = {

/* Begin PBXBuildFile section */
		CE66C91C1E6D384E00B6690D /* AppDelegate.swift in Sources */ = {isa = PBXBuildFile; fileRef = CE66C91B1E6D384E00B6690D /* AppDelegate.swift */; };
		CE66C9211E6D384E00B6690D /* Main.storyboard in Resources */ = {isa = PBXBuildFile; fileRef = CE66C91F1E6D384E00B6690D /* Main.storyboard */; };
		CE66C9231E6D384E00B6690D /* Assets.xcassets in Resources */ = {isa = PBXBuildFile; fileRef = CE66C9221E6D384E00B6690D /* Assets.xcassets */; };
		CE66C9261E6D384F00B6690D /* LaunchScreen.storyboard in Resources */ = {isa = PBXBuildFile; fileRef = CE66C9241E6D384F00B6690D /* LaunchScreen.storyboard */; };
		CE66C92E1E6D397A00B6690D /* SplashViewController.swift in Sources */ = {isa = PBXBuildFile; fileRef = CE66C92D1E6D397A00B6690D /* SplashViewController.swift */; };
		CE66C9301E6D57C700B6690D /* LoginViewController.swift in Sources */ = {isa = PBXBuildFile; fileRef = CE66C92F1E6D57C700B6690D /* LoginViewController.swift */; };
		CE66C9321E6D5F8D00B6690D /* TwitterLoginDelegate.swift in Sources */ = {isa = PBXBuildFile; fileRef = CE66C9311E6D5F8D00B6690D /* TwitterLoginDelegate.swift */; };
/* End PBXBuildFile section */

/* Begin PBXFileReference section */
		CE66C9181E6D384E00B6690D /* testTwitter.app */ = {isa = PBXFileReference; explicitFileType = wrapper.application; includeInIndex = 0; path = testTwitter.app; sourceTree = BUILT_PRODUCTS_DIR; };
		CE66C91B1E6D384E00B6690D /* AppDelegate.swift */ = {isa = PBXFileReference; lastKnownFileType = sourcecode.swift; path = AppDelegate.swift; sourceTree = "<group>"; };
		CE66C9201E6D384E00B6690D /* Base */ = {isa = PBXFileReference; lastKnownFileType = file.storyboard; name = Base; path = Base.lproj/Main.storyboard; sourceTree = "<group>"; };
		CE66C9221E6D384E00B6690D /* Assets.xcassets */ = {isa = PBXFileReference; lastKnownFileType = folder.assetcatalog; path = Assets.xcassets; sourceTree = "<group>"; };
		CE66C9251E6D384F00B6690D /* Base */ = {isa = PBXFileReference; lastKnownFileType = file.storyboard; name = Base; path = Base.lproj/LaunchScreen.storyboard; sourceTree = "<group>"; };
		CE66C9271E6D384F00B6690D /* Info.plist */ = {isa = PBXFileReference; lastKnownFileType = text.plist.xml; path = Info.plist; sourceTree = "<group>"; };
		CE66C92D1E6D397A00B6690D /* SplashViewController.swift */ = {isa = PBXFileReference; fileEncoding = 4; lastKnownFileType = sourcecode.swift; path = SplashViewController.swift; sourceTree = "<group>"; };
		CE66C92F1E6D57C700B6690D /* LoginViewController.swift */ = {isa = PBXFileReference; fileEncoding = 4; lastKnownFileType = sourcecode.swift; path = LoginViewController.swift; sourceTree = "<group>"; };
		CE66C9311E6D5F8D00B6690D /* TwitterLoginDelegate.swift */ = {isa = PBXFileReference; fileEncoding = 4; lastKnownFileType = sourcecode.swift; path = TwitterLoginDelegate.swift; sourceTree = "<group>"; };
/* End PBXFileReference section */

/* Begin PBXFrameworksBuildPhase section */
		CE66C9151E6D384E00B6690D /* Frameworks */ = {
			isa = PBXFrameworksBuildPhase;
			buildActionMask = 2147483647;
			files = (
			);
			runOnlyForDeploymentPostprocessing = 0;
		};
/* End PBXFrameworksBuildPhase section */

/* Begin PBXGroup section */
		CE66C90F1E6D384E00B6690D = {
			isa = PBXGroup;
			children = (
				CE66C91A1E6D384E00B6690D /* testTwitter */,
				CE66C9191E6D384E00B6690D /* Products */,
			);
			sourceTree = "<group>";
		};
		CE66C9191E6D384E00B6690D /* Products */ = {
			isa = PBXGroup;
			children = (
				CE66C9181E6D384E00B6690D /* testTwitter.app */,
			);
			name = Products;
			sourceTree = "<group>";
		};
		CE66C91A1E6D384E00B6690D /* testTwitter */ = {
			isa = PBXGroup;
			children = (
				CE66C91B1E6D384E00B6690D /* AppDelegate.swift */,
				CE66C92D1E6D397A00B6690D /* SplashViewController.swift */,
				CE66C9311E6D5F8D00B6690D /* TwitterLoginDelegate.swift */,
				CE66C92F1E6D57C700B6690D /* LoginViewController.swift */,
				CE66C91F1E6D384E00B6690D /* Main.storyboard */,
				CE66C9221E6D384E00B6690D /* Assets.xcassets */,
				CE66C9241E6D384F00B6690D /* LaunchScreen.storyboard */,
				CE66C9271E6D384F00B6690D /* Info.plist */,
			);
			path = testTwitter;
			sourceTree = "<group>";
		};
/* End PBXGroup section */

/* Begin PBXNativeTarget section */
		CE66C9171E6D384E00B6690D /* testTwitter */ = {
			isa = PBXNativeTarget;
			buildConfigurationList = CE66C92A1E6D384F00B6690D /* Build configuration list for PBXNativeTarget "testTwitter" */;
			buildPhases = (
				CE66C9141E6D384E00B6690D /* Sources */,
				CE66C9151E6D384E00B6690D /* Frameworks */,
				CE66C9161E6D384E00B6690D /* Resources */,
			);
			buildRules = (
			);
			dependencies = (
			);
			name = testTwitter;
			productName = testTwitter;
			productReference = CE66C9181E6D384E00B6690D /* testTwitter.app */;
			productType = "com.apple.product-type.application";
		};
/* End PBXNativeTarget section */

/* Begin PBXProject section */
		CE66C9101E6D384E00B6690D /* Project object */ = {
			isa = PBXProject;
			attributes = {
				LastSwiftUpdateCheck = 0820;
				LastUpgradeCheck = 0820;
				ORGANIZATIONNAME = GeekHub;
				TargetAttributes = {
					CE66C9171E6D384E00B6690D = {
						CreatedOnToolsVersion = 8.2.1;
						ProvisioningStyle = Automatic;
					};
				};
			};
			buildConfigurationList = CE66C9131E6D384E00B6690D /* Build configuration list for PBXProject "testTwitter" */;
			compatibilityVersion = "Xcode 3.2";
			developmentRegion = English;
			hasScannedForEncodings = 0;
			knownRegions = (
				en,
				Base,
			);
			mainGroup = CE66C90F1E6D384E00B6690D;
			productRefGroup = CE66C9191E6D384E00B6690D /* Products */;
			projectDirPath = "";
			projectRoot = "";
			targets = (
				CE66C9171E6D384E00B6690D /* testTwitter */,
			);
		};
/* End PBXProject section */

/* Begin PBXResourcesBuildPhase section */
		CE66C9161E6D384E00B6690D /* Resources */ = {
			isa = PBXResourcesBuildPhase;
			buildActionMask = 2147483647;
			files = (
				CE66C9261E6D384F00B6690D /* LaunchScreen.storyboard in Resources */,
				CE66C9231E6D384E00B6690D /* Assets.xcassets in Resources */,
				CE66C9211E6D384E00B6690D /* Main.storyboard in Resources */,
			);
			runOnlyForDeploymentPostprocessing = 0;
		};
/* End PBXResourcesBuildPhase section */

/* Begin PBXSourcesBuildPhase section */
		CE66C9141E6D384E00B6690D /* Sources */ = {
			isa = PBXSourcesBuildPhase;
			buildActionMask = 2147483647;
			files = (
				CE66C9321E6D5F8D00B6690D /* TwitterLoginDelegate.swift in Sources */,
				CE66C9301E6D57C700B6690D /* LoginViewController.swift in Sources */,
				CE66C91C1E6D384E00B6690D /* AppDelegate.swift in Sources */,
				CE66C92E1E6D397A00B6690D /* SplashViewController.swift in Sources */,
			);
			runOnlyForDeploymentPostprocessing = 0;
		};
/* End PBXSourcesBuildPhase section */

/* Begin PBXVariantGroup section */
		CE66C91F1E6D384E00B6690D /* Main.storyboard */ = {
			isa = PBXVariantGroup;
			children = (
				CE66C9201E6D384E00B6690D /* Base */,
			);
			name = Main.storyboard;
			sourceTree = "<group>";
		};
		CE66C9241E6D384F00B6690D /* LaunchScreen.storyboard */ = {
			isa = PBXVariantGroup;
			children = (
				CE66C9251E6D384F00B6690D /* Base */,
			);
			name = LaunchScreen.storyboard;
			sourceTree = "<group>";
		};
/* End PBXVariantGroup section */

/* Begin XCBuildConfiguration section */
		CE66C9281E6D384F00B6690D /* Debug */ = {
			isa = XCBuildConfiguration;
			buildSettings = {
				ALWAYS_SEARCH_USER_PATHS = NO;
				CLANG_ANALYZER_NONNULL = YES;
				CLANG_CXX_LANGUAGE_STANDARD = "gnu++0x";
				CLANG_CXX_LIBRARY = "libc++";
				CLANG_ENABLE_MODULES = YES;
				CLANG_ENABLE_OBJC_ARC = YES;
				CLANG_WARN_BOOL_CONVERSION = YES;
				CLANG_WARN_CONSTANT_CONVERSION = YES;
				CLANG_WARN_DIRECT_OBJC_ISA_USAGE = YES_ERROR;
				CLANG_WARN_DOCUMENTATION_COMMENTS = YES;
				CLANG_WARN_EMPTY_BODY = YES;
				CLANG_WARN_ENUM_CONVERSION = YES;
				CLANG_WARN_INFINITE_RECURSION = YES;
				CLANG_WARN_INT_CONVERSION = YES;
				CLANG_WARN_OBJC_ROOT_CLASS = YES_ERROR;
				CLANG_WARN_SUSPICIOUS_MOVE = YES;
				CLANG_WARN_UNREACHABLE_CODE = YES;
				CLANG_WARN__DUPLICATE_METHOD_MATCH = YES;
				"CODE_SIGN_IDENTITY[sdk=iphoneos*]" = "iPhone Developer";
				COPY_PHASE_STRIP = NO;
				DEBUG_INFORMATION_FORMAT = dwarf;
				ENABLE_STRICT_OBJC_MSGSEND = YES;
				ENABLE_TESTABILITY = YES;
				GCC_C_LANGUAGE_STANDARD = gnu99;
				GCC_DYNAMIC_NO_PIC = NO;
				GCC_NO_COMMON_BLOCKS = YES;
				GCC_OPTIMIZATION_LEVEL = 0;
				GCC_PREPROCESSOR_DEFINITIONS = (
					"DEBUG=1",
					"$(inherited)",
				);
				GCC_WARN_64_TO_32_BIT_CONVERSION = YES;
				GCC_WARN_ABOUT_RETURN_TYPE = YES_ERROR;
				GCC_WARN_UNDECLARED_SELECTOR = YES;
				GCC_WARN_UNINITIALIZED_AUTOS = YES_AGGRESSIVE;
				GCC_WARN_UNUSED_FUNCTION = YES;
				GCC_WARN_UNUSED_VARIABLE = YES;
				IPHONEOS_DEPLOYMENT_TARGET = 10.2;
				MTL_ENABLE_DEBUG_INFO = YES;
				ONLY_ACTIVE_ARCH = YES;
				SDKROOT = iphoneos;
				SWIFT_ACTIVE_COMPILATION_CONDITIONS = DEBUG;
				SWIFT_OPTIMIZATION_LEVEL = "-Onone";
			};
			name = Debug;
		};
		CE66C9291E6D384F00B6690D /* Release */ = {
			isa = XCBuildConfiguration;
			buildSettings = {
				ALWAYS_SEARCH_USER_PATHS = NO;
				CLANG_ANALYZER_NONNULL = YES;
				CLANG_CXX_LANGUAGE_STANDARD = "gnu++0x";
				CLANG_CXX_LIBRARY = "libc++";
				CLANG_ENABLE_MODULES = YES;
				CLANG_ENABLE_OBJC_ARC = YES;
				CLANG_WARN_BOOL_CONVERSION = YES;
				CLANG_WARN_CONSTANT_CONVERSION = YES;
				CLANG_WARN_DIRECT_OBJC_ISA_USAGE = YES_ERROR;
				CLANG_WARN_DOCUMENTATION_COMMENTS = YES;
				CLANG_WARN_EMPTY_BODY = YES;
				CLANG_WARN_ENUM_CONVERSION = YES;
				CLANG_WARN_INFINITE_RECURSION = YES;
				CLANG_WARN_INT_CONVERSION = YES;
				CLANG_WARN_OBJC_ROOT_CLASS = YES_ERROR;
				CLANG_WARN_SUSPICIOUS_MOVE = YES;
				CLANG_WARN_UNREACHABLE_CODE = YES;
				CLANG_WARN__DUPLICATE_METHOD_MATCH = YES;
				"CODE_SIGN_IDENTITY[sdk=iphoneos*]" = "iPhone Developer";
				COPY_PHASE_STRIP = NO;
				DEBUG_INFORMATION_FORMAT = "dwarf-with-dsym";
				ENABLE_NS_ASSERTIONS = NO;
				ENABLE_STRICT_OBJC_MSGSEND = YES;
				GCC_C_LANGUAGE_STANDARD = gnu99;
				GCC_NO_COMMON_BLOCKS = YES;
				GCC_WARN_64_TO_32_BIT_CONVERSION = YES;
				GCC_WARN_ABOUT_RETURN_TYPE = YES_ERROR;
				GCC_WARN_UNDECLARED_SELECTOR = YES;
				GCC_WARN_UNINITIALIZED_AUTOS = YES_AGGRESSIVE;
				GCC_WARN_UNUSED_FUNCTION = YES;
				GCC_WARN_UNUSED_VARIABLE = YES;
				IPHONEOS_DEPLOYMENT_TARGET = 10.2;
				MTL_ENABLE_DEBUG_INFO = NO;
				SDKROOT = iphoneos;
				SWIFT_OPTIMIZATION_LEVEL = "-Owholemodule";
				VALIDATE_PRODUCT = YES;
			};
			name = Release;
		};
		CE66C92B1E6D384F00B6690D /* Debug */ = {
			isa = XCBuildConfiguration;
			buildSettings = {
				ASSETCATALOG_COMPILER_APPICON_NAME = AppIcon;
				INFOPLIST_FILE = testTwitter/Info.plist;
				LD_RUNPATH_SEARCH_PATHS = "$(inherited) @executable_path/Frameworks";
				PRODUCT_BUNDLE_IDENTIFIER = Kejnnary.testTwitter;
				PRODUCT_NAME = "$(TARGET_NAME)";
				SWIFT_VERSION = 3.0;
			};
			name = Debug;
		};
		CE66C92C1E6D384F00B6690D /* Release */ = {
			isa = XCBuildConfiguration;
			buildSettings = {
				ASSETCATALOG_COMPILER_APPICON_NAME = AppIcon;
				INFOPLIST_FILE = testTwitter/Info.plist;
				LD_RUNPATH_SEARCH_PATHS = "$(inherited) @executable_path/Frameworks";
				PRODUCT_BUNDLE_IDENTIFIER = Kejnnary.testTwitter;
				PRODUCT_NAME = "$(TARGET_NAME)";
				SWIFT_VERSION = 3.0;
			};
			name = Release;
		};
/* End XCBuildConfiguration section */

/* Begin XCConfigurationList section */
		CE66C9131E6D384E00B6690D /* Build configuration list for PBXProject "testTwitter" */ = {
			isa = XCConfigurationList;
			buildConfigurations = (
				CE66C9281E6D384F00B6690D /* Debug */,
				CE66C9291E6D384F00B6690D /* Release */,
			);
			defaultConfigurationIsVisible = 0;
			defaultConfigurationName = Release;
		};
		CE66C92A1E6D384F00B6690D /* Build configuration list for PBXNativeTarget "testTwitter" */ = {
			isa = XCConfigurationList;
			buildConfigurations = (
				CE66C92B1E6D384F00B6690D /* Debug */,
				CE66C92C1E6D384F00B6690D /* Release */,
			);
			defaultConfigurationIsVisible = 0;
			defaultConfigurationName = Release;
		};
/* End XCConfigurationList section */
	};
	rootObject = CE66C9101E6D384E00B6690D /* Project object */;
}
